
Microsoft Visual Studio Solution File, Format Version 12.00
# Visual Studio Version 17
VisualStudioVersion = 17.5.002.0
MinimumVisualStudioVersion = 10.0.40219.1
Project("{9A19103F-16F7-4668-BE54-9A1E7A4F7556}") = "Dinosaur", "Dinosaur.csproj", "{43C6D2B1-3F8A-4D9A-BD04-64772D9B9DCF}"
EndProject
Global
	GlobalSection(SolutionConfigurationPlatforms) = preSolution
		Debug|Any CPU = Debug|Any CPU
		Release|Any CPU = Release|Any CPU
	EndGlobalSection
	GlobalSection(ProjectConfigurationPlatforms) = postSolution
		{43C6D2B1-3F8A-4D9A-BD04-64772D9B9DCF}.Debug|Any CPU.ActiveCfg = Debug|Any CPU
		{43C6D2B1-3F8A-4D9A-BD04-64772D9B9DCF}.Debug|Any CPU.Build.0 = Debug|Any CPU
		{43C6D2B1-3F8A-4D9A-BD04-64772D9B9DCF}.Release|Any CPU.ActiveCfg = Release|Any CPU
		{43C6D2B1-3F8A-4D9A-BD04-64772D9B9DCF}.Release|Any CPU.Build.0 = Release|Any CPU
	EndGlobalSection
	GlobalSection(SolutionProperties) = preSolution
		HideSolutionNode = FALSE
	EndGlobalSection
	GlobalSection(ExtensibilityGlobals) = postSolution
		SolutionGuid = {C6AABF4C-3D35-4D93-861A-8C085BAB5122}
	EndGlobalSection
EndGlobal
